
Microsoft Visual Studio Solution File, Format Version 12.00
# Visual Studio 15
VisualStudioVersion = 15.0.26730.16
MinimumVisualStudioVersion = 10.0.40219.1
Project("{FAE04EC0-301F-11D3-BF4B-00C04F79EFBC}") = "Garage Door Opener", "Garage Door Opener\Garage Door Opener.csproj", "{38670A1B-D952-4D70-8226-E30276037EF4}"
EndProject
Global
	GlobalSection(SolutionConfigurationPlatforms) = preSolution
		Debug|Any CPU = Debug|Any CPU
		Release|Any CPU = Release|Any CPU
	EndGlobalSection
	GlobalSection(ProjectConfigurationPlatforms) = postSolution
		{38670A1B-D952-4D70-8226-E30276037EF4}.Debug|Any CPU.ActiveCfg = Debug|Any CPU
		{38670A1B-D952-4D70-8226-E30276037EF4}.Debug|Any CPU.Build.0 = Debug|Any CPU
		{38670A1B-D952-4D70-8226-E30276037EF4}.Debug|Any CPU.Deploy.0 = Debug|Any CPU
		{38670A1B-D952-4D70-8226-E30276037EF4}.Release|Any CPU.ActiveCfg = Release|Any CPU
		{38670A1B-D952-4D70-8226-E30276037EF4}.Release|Any CPU.Build.0 = Release|Any CPU
		{38670A1B-D952-4D70-8226-E30276037EF4}.Release|Any CPU.Deploy.0 = Release|Any CPU
	EndGlobalSection
	GlobalSection(SolutionProperties) = preSolution
		HideSolutionNode = FALSE
	EndGlobalSection
	GlobalSection(ExtensibilityGlobals) = postSolution
		SolutionGuid = {F3374C1F-4534-4B42-8231-D3B0F671C708}
	EndGlobalSection
EndGlobal
